{
  "version": 4,
  "terraform_version": "1.4.6",
  "serial": 17,
  "lineage": "f6093845-e3bd-1601-4cc4-c05dc9f4181d",
  "outputs": {},
  "resources": [
    {
      "mode": "managed",
      "type": "aws_iam_policy",
      "name": "s3_policy",
      "provider": "provider[\"registry.terraform.io/hashicorp/aws\"]",
      "instances": [
        {
          "index_key": 0,
          "schema_version": 0,
          "attributes": {
            "arn": "arn:aws:iam::615462072995:policy/test-policy-lambda",
            "description": "My test policy for lambda",
            "id": "arn:aws:iam::615462072995:policy/test-policy-lambda",
            "name": "test-policy-lambda",
            "name_prefix": "",
            "path": "/",
            "policy": "{\"Statement\":[{\"Action\":[\"ec2:*\"],\"Effect\":\"Allow\",\"Resource\":\"*\"}],\"Version\":\"2012-10-17\"}",
            "policy_id": "ANPAY6TDF6KR724NJXJ2A",
            "tags": null,
            "tags_all": {}
          },
          "sensitive_attributes": [],
          "private": "bnVsbA=="
        },
        {
          "index_key": 1,
          "schema_version": 0,
          "attributes": {
            "arn": "arn:aws:iam::615462072995:policy/test-policy-ec2",
            "description": "My test policy for ec2",
            "id": "arn:aws:iam::615462072995:policy/test-policy-ec2",
            "name": "test-policy-ec2",
            "name_prefix": "",
            "path": "/",
            "policy": "{\"Statement\":[{\"Action\":[\"ec2:*\"],\"Effect\":\"Allow\",\"Resource\":\"*\"}],\"Version\":\"2012-10-17\"}",
            "policy_id": "ANPAY6TDF6KRRP5OWW2DL",
            "tags": null,
            "tags_all": {}
          },
          "sensitive_attributes": [],
          "private": "bnVsbA=="
        },
        {
          "index_key": 2,
          "schema_version": 0,
          "attributes": {
            "arn": "arn:aws:iam::615462072995:policy/test-policy-s3",
            "description": "My test policy for s3",
            "id": "arn:aws:iam::615462072995:policy/test-policy-s3",
            "name": "test-policy-s3",
            "name_prefix": "",
            "path": "/",
            "policy": "{\"Statement\":[{\"Action\":[\"ec2:*\"],\"Effect\":\"Allow\",\"Resource\":\"*\"}],\"Version\":\"2012-10-17\"}",
            "policy_id": "ANPAY6TDF6KRXC47K7RCX",
            "tags": null,
            "tags_all": {}
          },
          "sensitive_attributes": [],
          "private": "bnVsbA=="
        },
        {
          "index_key": 3,
          "schema_version": 0,
          "attributes": {
            "arn": "arn:aws:iam::615462072995:policy/test-policy-cloudformation",
            "description": "My test policy for cloudformation",
            "id": "arn:aws:iam::615462072995:policy/test-policy-cloudformation",
            "name": "test-policy-cloudformation",
            "name_prefix": "",
            "path": "/",
            "policy": "{\"Statement\":[{\"Action\":[\"ec2:*\"],\"Effect\":\"Allow\",\"Resource\":\"*\"}],\"Version\":\"2012-10-17\"}",
            "policy_id": "ANPAY6TDF6KRYJJSNXRBI",
            "tags": null,
            "tags_all": {}
          },
          "sensitive_attributes": [],
          "private": "bnVsbA=="
        }
      ]
    }
  ],
  "check_results": null
}
